
Microsoft Visual Studio Solution File, Format Version 12.00
# Visual Studio Version 16
VisualStudioVersion = 16.0.29209.152
MinimumVisualStudioVersion = 10.0.40219.1
Project("{FAE04EC0-301F-11D3-BF4B-00C04F79EFBC}") = "BlazorProject", "BlazorProject\BlazorProject.csproj", "{271EE37D-7D42-4FEA-B34C-99F1243873A5}"
EndProject
Global
	GlobalSection(SolutionConfigurationPlatforms) = preSolution
		Debug|Any CPU = Debug|Any CPU
		Release|Any CPU = Release|Any CPU
	EndGlobalSection
	GlobalSection(ProjectConfigurationPlatforms) = postSolution
		{271EE37D-7D42-4FEA-B34C-99F1243873A5}.Debug|Any CPU.ActiveCfg = Debug|Any CPU
		{271EE37D-7D42-4FEA-B34C-99F1243873A5}.Debug|Any CPU.Build.0 = Debug|Any CPU
		{271EE37D-7D42-4FEA-B34C-99F1243873A5}.Release|Any CPU.ActiveCfg = Release|Any CPU
		{271EE37D-7D42-4FEA-B34C-99F1243873A5}.Release|Any CPU.Build.0 = Release|Any CPU
	EndGlobalSection
	GlobalSection(SolutionProperties) = preSolution
		HideSolutionNode = FALSE
	EndGlobalSection
	GlobalSection(ExtensibilityGlobals) = postSolution
		SolutionGuid = {5A0F73E6-0524-4913-90EF-DC5E21EA53F9}
	EndGlobalSection
EndGlobal
